// !$*UTF8*$!
{
	archiveVersion = 1;
	classes = {
	};
	objectVersion = 48;
	objects = {

/* Begin PBXBuildFile section */
		494487B91FBCFF3B00AE2C2F /* BoardViewModel.swift in Sources */ = {isa = PBXBuildFile; fileRef = 494487B81FBCFF3B00AE2C2F /* BoardViewModel.swift */; };
		4949DC1F1FBCFA430062691C /* AppDelegate.swift in Sources */ = {isa = PBXBuildFile; fileRef = 4949DC1E1FBCFA430062691C /* AppDelegate.swift */; };
		4949DC211FBCFA430062691C /* BoardViewController.swift in Sources */ = {isa = PBXBuildFile; fileRef = 4949DC201FBCFA430062691C /* BoardViewController.swift */; };
		4949DC241FBCFA430062691C /* Board.storyboard in Resources */ = {isa = PBXBuildFile; fileRef = 4949DC221FBCFA430062691C /* Board.storyboard */; };
		4949DC261FBCFA430062691C /* Assets.xcassets in Resources */ = {isa = PBXBuildFile; fileRef = 4949DC251FBCFA430062691C /* Assets.xcassets */; };
		4949DC291FBCFA430062691C /* LaunchScreen.storyboard in Resources */ = {isa = PBXBuildFile; fileRef = 4949DC271FBCFA430062691C /* LaunchScreen.storyboard */; };
		4949DC341FBCFA440062691C /* BoardViewModelTests.swift in Sources */ = {isa = PBXBuildFile; fileRef = 4949DC331FBCFA440062691C /* BoardViewModelTests.swift */; };
		495F109B1FBE2F4800BF33FE /* InstructionManager.swift in Sources */ = {isa = PBXBuildFile; fileRef = 495F109A1FBE2F4800BF33FE /* InstructionManager.swift */; };
		495F109D1FBE3C1200BF33FE /* ElementModel.swift in Sources */ = {isa = PBXBuildFile; fileRef = 495F109C1FBE3C1200BF33FE /* ElementModel.swift */; };
		496B676F1FBD06FB0002A2F2 /* DrawView.swift in Sources */ = {isa = PBXBuildFile; fileRef = 496B676E1FBD06FB0002A2F2 /* DrawView.swift */; };
		49BE285C1FC3A80A00FD7B8A /* DataGenerator.swift in Sources */ = {isa = PBXBuildFile; fileRef = 49BE285B1FC3A80A00FD7B8A /* DataGenerator.swift */; };
		49BE285E1FC3C3F800FD7B8A /* InstructionManagerTests.swift in Sources */ = {isa = PBXBuildFile; fileRef = 49BE285D1FC3C3F800FD7B8A /* InstructionManagerTests.swift */; };
		49BE28601FC3D0FB00FD7B8A /* ElementModelTests.swift in Sources */ = {isa = PBXBuildFile; fileRef = 49BE285F1FC3D0FB00FD7B8A /* ElementModelTests.swift */; };
		9393855E1FBFAE75002F7486 /* MultipeerConnectivity.framework in Frameworks */ = {isa = PBXBuildFile; fileRef = 9393855D1FBFAE75002F7486 /* MultipeerConnectivity.framework */; };
		939385601FBFAEB7002F7486 /* MPCHandler.swift in Sources */ = {isa = PBXBuildFile; fileRef = 9393855F1FBFAEB6002F7486 /* MPCHandler.swift */; };
		A82B5FF3EA5DCF2DD8E24305 /* Pods_Whiteboard.framework in Frameworks */ = {isa = PBXBuildFile; fileRef = 19C7E7C83D070CAC297DD0BE /* Pods_Whiteboard.framework */; };
		E5FADED23000C99D7F563FD6 /* Pods_WhiteboardTests.framework in Frameworks */ = {isa = PBXBuildFile; fileRef = CCB8AA3EB739CEAF12F5F39D /* Pods_WhiteboardTests.framework */; };
/* End PBXBuildFile section */

/* Begin PBXContainerItemProxy section */
		4949DC301FBCFA430062691C /* PBXContainerItemProxy */ = {
			isa = PBXContainerItemProxy;
			containerPortal = 4949DC131FBCFA430062691C /* Project object */;
			proxyType = 1;
			remoteGlobalIDString = 4949DC1A1FBCFA430062691C;
			remoteInfo = Whiteboard;
		};
/* End PBXContainerItemProxy section */

/* Begin PBXFileReference section */
		18ECECC2B50B7901BF2D7505 /* Pods-Whiteboard.release.xcconfig */ = {isa = PBXFileReference; includeInIndex = 1; lastKnownFileType = text.xcconfig; name = "Pods-Whiteboard.release.xcconfig"; path = "Pods/Target Support Files/Pods-Whiteboard/Pods-Whiteboard.release.xcconfig"; sourceTree = "<group>"; };
		19C7E7C83D070CAC297DD0BE /* Pods_Whiteboard.framework */ = {isa = PBXFileReference; explicitFileType = wrapper.framework; includeInIndex = 0; path = Pods_Whiteboard.framework; sourceTree = BUILT_PRODUCTS_DIR; };
		1DA2CDD772086609A7B07201 /* Pods-WhiteboardTests.debug.xcconfig */ = {isa = PBXFileReference; includeInIndex = 1; lastKnownFileType = text.xcconfig; name = "Pods-WhiteboardTests.debug.xcconfig"; path = "Pods/Target Support Files/Pods-WhiteboardTests/Pods-WhiteboardTests.debug.xcconfig"; sourceTree = "<group>"; };
		213248CB49223F7549B7B3B4 /* Pods-Whiteboard.debug.xcconfig */ = {isa = PBXFileReference; includeInIndex = 1; lastKnownFileType = text.xcconfig; name = "Pods-Whiteboard.debug.xcconfig"; path = "Pods/Target Support Files/Pods-Whiteboard/Pods-Whiteboard.debug.xcconfig"; sourceTree = "<group>"; };
		494487B81FBCFF3B00AE2C2F /* BoardViewModel.swift */ = {isa = PBXFileReference; fileEncoding = 4; lastKnownFileType = sourcecode.swift; path = BoardViewModel.swift; sourceTree = "<group>"; };
		4949DC1B1FBCFA430062691C /* Whiteboard.app */ = {isa = PBXFileReference; explicitFileType = wrapper.application; includeInIndex = 0; path = Whiteboard.app; sourceTree = BUILT_PRODUCTS_DIR; };
		4949DC1E1FBCFA430062691C /* AppDelegate.swift */ = {isa = PBXFileReference; lastKnownFileType = sourcecode.swift; path = AppDelegate.swift; sourceTree = "<group>"; };
		4949DC201FBCFA430062691C /* BoardViewController.swift */ = {isa = PBXFileReference; lastKnownFileType = sourcecode.swift; path = BoardViewController.swift; sourceTree = "<group>"; };
		4949DC231FBCFA430062691C /* Base */ = {isa = PBXFileReference; lastKnownFileType = file.storyboard; name = Base; path = Base.lproj/Board.storyboard; sourceTree = "<group>"; };
		4949DC251FBCFA430062691C /* Assets.xcassets */ = {isa = PBXFileReference; lastKnownFileType = folder.assetcatalog; path = Assets.xcassets; sourceTree = "<group>"; };
		4949DC281FBCFA430062691C /* Base */ = {isa = PBXFileReference; lastKnownFileType = file.storyboard; name = Base; path = Base.lproj/LaunchScreen.storyboard; sourceTree = "<group>"; };
		4949DC2A1FBCFA430062691C /* Info.plist */ = {isa = PBXFileReference; lastKnownFileType = text.plist.xml; path = Info.plist; sourceTree = "<group>"; };
		4949DC2F1FBCFA430062691C /* WhiteboardTests.xctest */ = {isa = PBXFileReference; explicitFileType = wrapper.cfbundle; includeInIndex = 0; path = WhiteboardTests.xctest; sourceTree = BUILT_PRODUCTS_DIR; };
		4949DC331FBCFA440062691C /* BoardViewModelTests.swift */ = {isa = PBXFileReference; lastKnownFileType = sourcecode.swift; path = BoardViewModelTests.swift; sourceTree = "<group>"; };
		4949DC351FBCFA440062691C /* Info.plist */ = {isa = PBXFileReference; lastKnownFileType = text.plist.xml; path = Info.plist; sourceTree = "<group>"; };
		495F109A1FBE2F4800BF33FE /* InstructionManager.swift */ = {isa = PBXFileReference; lastKnownFileType = sourcecode.swift; path = InstructionManager.swift; sourceTree = "<group>"; };
		495F109C1FBE3C1200BF33FE /* ElementModel.swift */ = {isa = PBXFileReference; lastKnownFileType = sourcecode.swift; path = ElementModel.swift; sourceTree = "<group>"; };
		496B676E1FBD06FB0002A2F2 /* DrawView.swift */ = {isa = PBXFileReference; lastKnownFileType = sourcecode.swift; path = DrawView.swift; sourceTree = "<group>"; };
		49BE285B1FC3A80A00FD7B8A /* DataGenerator.swift */ = {isa = PBXFileReference; lastKnownFileType = sourcecode.swift; path = DataGenerator.swift; sourceTree = "<group>"; };
		49BE285D1FC3C3F800FD7B8A /* InstructionManagerTests.swift */ = {isa = PBXFileReference; lastKnownFileType = sourcecode.swift; path = InstructionManagerTests.swift; sourceTree = "<group>"; };
		49BE285F1FC3D0FB00FD7B8A /* ElementModelTests.swift */ = {isa = PBXFileReference; lastKnownFileType = sourcecode.swift; path = ElementModelTests.swift; sourceTree = "<group>"; };
		9393855D1FBFAE75002F7486 /* MultipeerConnectivity.framework */ = {isa = PBXFileReference; lastKnownFileType = wrapper.framework; name = MultipeerConnectivity.framework; path = System/Library/Frameworks/MultipeerConnectivity.framework; sourceTree = SDKROOT; };
		9393855F1FBFAEB6002F7486 /* MPCHandler.swift */ = {isa = PBXFileReference; fileEncoding = 4; lastKnownFileType = sourcecode.swift; path = MPCHandler.swift; sourceTree = "<group>"; };
		CCB8AA3EB739CEAF12F5F39D /* Pods_WhiteboardTests.framework */ = {isa = PBXFileReference; explicitFileType = wrapper.framework; includeInIndex = 0; path = Pods_WhiteboardTests.framework; sourceTree = BUILT_PRODUCTS_DIR; };
		EAB871D93390FA32D1D1068B /* Pods-WhiteboardTests.release.xcconfig */ = {isa = PBXFileReference; includeInIndex = 1; lastKnownFileType = text.xcconfig; name = "Pods-WhiteboardTests.release.xcconfig"; path = "Pods/Target Support Files/Pods-WhiteboardTests/Pods-WhiteboardTests.release.xcconfig"; sourceTree = "<group>"; };
/* End PBXFileReference section */

/* Begin PBXFrameworksBuildPhase section */
		4949DC181FBCFA430062691C /* Frameworks */ = {
			isa = PBXFrameworksBuildPhase;
			buildActionMask = 2147483647;
			files = (
				9393855E1FBFAE75002F7486 /* MultipeerConnectivity.framework in Frameworks */,
				A82B5FF3EA5DCF2DD8E24305 /* Pods_Whiteboard.framework in Frameworks */,
			);
			runOnlyForDeploymentPostprocessing = 0;
		};
		4949DC2C1FBCFA430062691C /* Frameworks */ = {
			isa = PBXFrameworksBuildPhase;
			buildActionMask = 2147483647;
			files = (
				E5FADED23000C99D7F563FD6 /* Pods_WhiteboardTests.framework in Frameworks */,
			);
			runOnlyForDeploymentPostprocessing = 0;
		};
/* End PBXFrameworksBuildPhase section */

/* Begin PBXGroup section */
		4949DC121FBCFA430062691C = {
			isa = PBXGroup;
			children = (
				4949DC1D1FBCFA430062691C /* Whiteboard */,
				4949DC321FBCFA440062691C /* WhiteboardTests */,
				4949DC1C1FBCFA430062691C /* Products */,
				FA0E58E7447C3B8C14D3706B /* Frameworks */,
				FEC6CF153B8104BED3690ABE /* Pods */,
			);
			sourceTree = "<group>";
		};
		4949DC1C1FBCFA430062691C /* Products */ = {
			isa = PBXGroup;
			children = (
				4949DC1B1FBCFA430062691C /* Whiteboard.app */,
				4949DC2F1FBCFA430062691C /* WhiteboardTests.xctest */,
			);
			name = Products;
			sourceTree = "<group>";
		};
		4949DC1D1FBCFA430062691C /* Whiteboard */ = {
			isa = PBXGroup;
			children = (
				4949DC1E1FBCFA430062691C /* AppDelegate.swift */,
				4949DC221FBCFA430062691C /* Board.storyboard */,
				496B676E1FBD06FB0002A2F2 /* DrawView.swift */,
				4949DC201FBCFA430062691C /* BoardViewController.swift */,
				494487B81FBCFF3B00AE2C2F /* BoardViewModel.swift */,
				495F109A1FBE2F4800BF33FE /* InstructionManager.swift */,
				495F109C1FBE3C1200BF33FE /* ElementModel.swift */,
				9393855F1FBFAEB6002F7486 /* MPCHandler.swift */,
				4949DC251FBCFA430062691C /* Assets.xcassets */,
				4949DC271FBCFA430062691C /* LaunchScreen.storyboard */,
				4949DC2A1FBCFA430062691C /* Info.plist */,
			);
			path = Whiteboard;
			sourceTree = "<group>";
		};
		4949DC321FBCFA440062691C /* WhiteboardTests */ = {
			isa = PBXGroup;
			children = (
				4949DC331FBCFA440062691C /* BoardViewModelTests.swift */,
				49BE285D1FC3C3F800FD7B8A /* InstructionManagerTests.swift */,
				49BE285F1FC3D0FB00FD7B8A /* ElementModelTests.swift */,
				49BE285B1FC3A80A00FD7B8A /* DataGenerator.swift */,
				4949DC351FBCFA440062691C /* Info.plist */,
			);
			path = WhiteboardTests;
			sourceTree = "<group>";
		};
		FA0E58E7447C3B8C14D3706B /* Frameworks */ = {
			isa = PBXGroup;
			children = (
				9393855D1FBFAE75002F7486 /* MultipeerConnectivity.framework */,
				19C7E7C83D070CAC297DD0BE /* Pods_Whiteboard.framework */,
				CCB8AA3EB739CEAF12F5F39D /* Pods_WhiteboardTests.framework */,
			);
			name = Frameworks;
			sourceTree = "<group>";
		};
		FEC6CF153B8104BED3690ABE /* Pods */ = {
			isa = PBXGroup;
			children = (
				213248CB49223F7549B7B3B4 /* Pods-Whiteboard.debug.xcconfig */,
				18ECECC2B50B7901BF2D7505 /* Pods-Whiteboard.release.xcconfig */,
				1DA2CDD772086609A7B07201 /* Pods-WhiteboardTests.debug.xcconfig */,
				EAB871D93390FA32D1D1068B /* Pods-WhiteboardTests.release.xcconfig */,
			);
			name = Pods;
			sourceTree = "<group>";
		};
/* End PBXGroup section */

/* Begin PBXNativeTarget section */
		4949DC1A1FBCFA430062691C /* Whiteboard */ = {
			isa = PBXNativeTarget;
			buildConfigurationList = 4949DC381FBCFA440062691C /* Build configuration list for PBXNativeTarget "Whiteboard" */;
			buildPhases = (
				3F676CA2143B3D8402945220 /* [CP] Check Pods Manifest.lock */,
				4949DC171FBCFA430062691C /* Sources */,
				4949DC181FBCFA430062691C /* Frameworks */,
				4949DC191FBCFA430062691C /* Resources */,
				B1A0F960C73071FD11772F75 /* [CP] Embed Pods Frameworks */,
				5E3A048E36E3BCACF685CC38 /* [CP] Copy Pods Resources */,
			);
			buildRules = (
			);
			dependencies = (
			);
			name = Whiteboard;
			productName = Whiteboard;
			productReference = 4949DC1B1FBCFA430062691C /* Whiteboard.app */;
			productType = "com.apple.product-type.application";
		};
		4949DC2E1FBCFA430062691C /* WhiteboardTests */ = {
			isa = PBXNativeTarget;
			buildConfigurationList = 4949DC3B1FBCFA440062691C /* Build configuration list for PBXNativeTarget "WhiteboardTests" */;
			buildPhases = (
				B08321C3CFD56D1A635C70EB /* [CP] Check Pods Manifest.lock */,
				4949DC2B1FBCFA430062691C /* Sources */,
				4949DC2C1FBCFA430062691C /* Frameworks */,
				4949DC2D1FBCFA430062691C /* Resources */,
				E8EE84D929AF9D194D70F8A2 /* [CP] Embed Pods Frameworks */,
				FBA22719E01A3C5445FA89D6 /* [CP] Copy Pods Resources */,
			);
			buildRules = (
			);
			dependencies = (
				4949DC311FBCFA430062691C /* PBXTargetDependency */,
			);
			name = WhiteboardTests;
			productName = WhiteboardTests;
			productReference = 4949DC2F1FBCFA430062691C /* WhiteboardTests.xctest */;
			productType = "com.apple.product-type.bundle.unit-test";
		};
/* End PBXNativeTarget section */

/* Begin PBXProject section */
		4949DC131FBCFA430062691C /* Project object */ = {
			isa = PBXProject;
			attributes = {
				LastSwiftUpdateCheck = 0910;
				LastUpgradeCheck = 0910;
				ORGANIZATIONNAME = hearthedge;
				TargetAttributes = {
					4949DC1A1FBCFA430062691C = {
						CreatedOnToolsVersion = 9.1;
						ProvisioningStyle = Automatic;
					};
					4949DC2E1FBCFA430062691C = {
						CreatedOnToolsVersion = 9.1;
						ProvisioningStyle = Automatic;
						TestTargetID = 4949DC1A1FBCFA430062691C;
					};
				};
			};
			buildConfigurationList = 4949DC161FBCFA430062691C /* Build configuration list for PBXProject "Whiteboard" */;
			compatibilityVersion = "Xcode 8.0";
			developmentRegion = en;
			hasScannedForEncodings = 0;
			knownRegions = (
				en,
				Base,
			);
			mainGroup = 4949DC121FBCFA430062691C;
			productRefGroup = 4949DC1C1FBCFA430062691C /* Products */;
			projectDirPath = "";
			projectRoot = "";
			targets = (
				4949DC1A1FBCFA430062691C /* Whiteboard */,
				4949DC2E1FBCFA430062691C /* WhiteboardTests */,
			);
		};
/* End PBXProject section */

/* Begin PBXResourcesBuildPhase section */
		4949DC191FBCFA430062691C /* Resources */ = {
			isa = PBXResourcesBuildPhase;
			buildActionMask = 2147483647;
			files = (
				4949DC291FBCFA430062691C /* LaunchScreen.storyboard in Resources */,
				4949DC261FBCFA430062691C /* Assets.xcassets in Resources */,
				4949DC241FBCFA430062691C /* Board.storyboard in Resources */,
			);
			runOnlyForDeploymentPostprocessing = 0;
		};
		4949DC2D1FBCFA430062691C /* Resources */ = {
			isa = PBXResourcesBuildPhase;
			buildActionMask = 2147483647;
			files = (
			);
			runOnlyForDeploymentPostprocessing = 0;
		};
/* End PBXResourcesBuildPhase section */

/* Begin PBXShellScriptBuildPhase section */
		3F676CA2143B3D8402945220 /* [CP] Check Pods Manifest.lock */ = {
			isa = PBXShellScriptBuildPhase;
			buildActionMask = 2147483647;
			files = (
			);
			inputPaths = (
				"${PODS_PODFILE_DIR_PATH}/Podfile.lock",
				"${PODS_ROOT}/Manifest.lock",
			);
			name = "[CP] Check Pods Manifest.lock";
			outputPaths = (
				"$(DERIVED_FILE_DIR)/Pods-Whiteboard-checkManifestLockResult.txt",
			);
			runOnlyForDeploymentPostprocessing = 0;
			shellPath = /bin/sh;
			shellScript = "diff \"${PODS_PODFILE_DIR_PATH}/Podfile.lock\" \"${PODS_ROOT}/Manifest.lock\" > /dev/null\nif [ $? != 0 ] ; then\n    # print error to STDERR\n    echo \"error: The sandbox is not in sync with the Podfile.lock. Run 'pod install' or update your CocoaPods installation.\" >&2\n    exit 1\nfi\n# This output is used by Xcode 'outputs' to avoid re-running this script phase.\necho \"SUCCESS\" > \"${SCRIPT_OUTPUT_FILE_0}\"\n";
			showEnvVarsInLog = 0;
		};
		5E3A048E36E3BCACF685CC38 /* [CP] Copy Pods Resources */ = {
			isa = PBXShellScriptBuildPhase;
			buildActionMask = 2147483647;
			files = (
			);
			inputPaths = (
			);
			name = "[CP] Copy Pods Resources";
			outputPaths = (
			);
			runOnlyForDeploymentPostprocessing = 0;
			shellPath = /bin/sh;
			shellScript = "\"${SRCROOT}/Pods/Target Support Files/Pods-Whiteboard/Pods-Whiteboard-resources.sh\"\n";
			showEnvVarsInLog = 0;
		};
		B08321C3CFD56D1A635C70EB /* [CP] Check Pods Manifest.lock */ = {
			isa = PBXShellScriptBuildPhase;
			buildActionMask = 2147483647;
			files = (
			);
			inputPaths = (
				"${PODS_PODFILE_DIR_PATH}/Podfile.lock",
				"${PODS_ROOT}/Manifest.lock",
			);
			name = "[CP] Check Pods Manifest.lock";
			outputPaths = (
				"$(DERIVED_FILE_DIR)/Pods-WhiteboardTests-checkManifestLockResult.txt",
			);
			runOnlyForDeploymentPostprocessing = 0;
			shellPath = /bin/sh;
			shellScript = "diff \"${PODS_PODFILE_DIR_PATH}/Podfile.lock\" \"${PODS_ROOT}/Manifest.lock\" > /dev/null\nif [ $? != 0 ] ; then\n    # print error to STDERR\n    echo \"error: The sandbox is not in sync with the Podfile.lock. Run 'pod install' or update your CocoaPods installation.\" >&2\n    exit 1\nfi\n# This output is used by Xcode 'outputs' to avoid re-running this script phase.\necho \"SUCCESS\" > \"${SCRIPT_OUTPUT_FILE_0}\"\n";
			showEnvVarsInLog = 0;
		};
		B1A0F960C73071FD11772F75 /* [CP] Embed Pods Frameworks */ = {
			isa = PBXShellScriptBuildPhase;
			buildActionMask = 2147483647;
			files = (
			);
			inputPaths = (
				"${SRCROOT}/Pods/Target Support Files/Pods-Whiteboard/Pods-Whiteboard-frameworks.sh",
				"${BUILT_PRODUCTS_DIR}/RxCocoa/RxCocoa.framework",
				"${BUILT_PRODUCTS_DIR}/RxSwift/RxSwift.framework",
				"${BUILT_PRODUCTS_DIR}/RxTest/RxTest.framework",
			);
			name = "[CP] Embed Pods Frameworks";
			outputPaths = (
				"${TARGET_BUILD_DIR}/${FRAMEWORKS_FOLDER_PATH}/RxCocoa.framework",
				"${TARGET_BUILD_DIR}/${FRAMEWORKS_FOLDER_PATH}/RxSwift.framework",
				"${TARGET_BUILD_DIR}/${FRAMEWORKS_FOLDER_PATH}/RxTest.framework",
			);
			runOnlyForDeploymentPostprocessing = 0;
			shellPath = /bin/sh;
			shellScript = "\"${SRCROOT}/Pods/Target Support Files/Pods-Whiteboard/Pods-Whiteboard-frameworks.sh\"\n";
			showEnvVarsInLog = 0;
		};
		E8EE84D929AF9D194D70F8A2 /* [CP] Embed Pods Frameworks */ = {
			isa = PBXShellScriptBuildPhase;
			buildActionMask = 2147483647;
			files = (
			);
			inputPaths = (
			);
			name = "[CP] Embed Pods Frameworks";
			outputPaths = (
			);
			runOnlyForDeploymentPostprocessing = 0;
			shellPath = /bin/sh;
			shellScript = "\"${SRCROOT}/Pods/Target Support Files/Pods-WhiteboardTests/Pods-WhiteboardTests-frameworks.sh\"\n";
			showEnvVarsInLog = 0;
		};
		FBA22719E01A3C5445FA89D6 /* [CP] Copy Pods Resources */ = {
			isa = PBXShellScriptBuildPhase;
			buildActionMask = 2147483647;
			files = (
			);
			inputPaths = (
			);
			name = "[CP] Copy Pods Resources";
			outputPaths = (
			);
			runOnlyForDeploymentPostprocessing = 0;
			shellPath = /bin/sh;
			shellScript = "\"${SRCROOT}/Pods/Target Support Files/Pods-WhiteboardTests/Pods-WhiteboardTests-resources.sh\"\n";
			showEnvVarsInLog = 0;
		};
/* End PBXShellScriptBuildPhase section */

/* Begin PBXSourcesBuildPhase section */
		4949DC171FBCFA430062691C /* Sources */ = {
			isa = PBXSourcesBuildPhase;
			buildActionMask = 2147483647;
			files = (
				495F109D1FBE3C1200BF33FE /* ElementModel.swift in Sources */,
				939385601FBFAEB7002F7486 /* MPCHandler.swift in Sources */,
				495F109B1FBE2F4800BF33FE /* InstructionManager.swift in Sources */,
				4949DC211FBCFA430062691C /* BoardViewController.swift in Sources */,
				496B676F1FBD06FB0002A2F2 /* DrawView.swift in Sources */,
				494487B91FBCFF3B00AE2C2F /* BoardViewModel.swift in Sources */,
				4949DC1F1FBCFA430062691C /* AppDelegate.swift in Sources */,
			);
			runOnlyForDeploymentPostprocessing = 0;
		};
		4949DC2B1FBCFA430062691C /* Sources */ = {
			isa = PBXSourcesBuildPhase;
			buildActionMask = 2147483647;
			files = (
				49BE28601FC3D0FB00FD7B8A /* ElementModelTests.swift in Sources */,
				49BE285E1FC3C3F800FD7B8A /* InstructionManagerTests.swift in Sources */,
				4949DC341FBCFA440062691C /* BoardViewModelTests.swift in Sources */,
				49BE285C1FC3A80A00FD7B8A /* DataGenerator.swift in Sources */,
			);
			runOnlyForDeploymentPostprocessing = 0;
		};
/* End PBXSourcesBuildPhase section */

/* Begin PBXTargetDependency section */
		4949DC311FBCFA430062691C /* PBXTargetDependency */ = {
			isa = PBXTargetDependency;
			target = 4949DC1A1FBCFA430062691C /* Whiteboard */;
			targetProxy = 4949DC301FBCFA430062691C /* PBXContainerItemProxy */;
		};
/* End PBXTargetDependency section */

/* Begin PBXVariantGroup section */
		4949DC221FBCFA430062691C /* Board.storyboard */ = {
			isa = PBXVariantGroup;
			children = (
				4949DC231FBCFA430062691C /* Base */,
			);
			name = Board.storyboard;
			sourceTree = "<group>";
		};
		4949DC271FBCFA430062691C /* LaunchScreen.storyboard */ = {
			isa = PBXVariantGroup;
			children = (
				4949DC281FBCFA430062691C /* Base */,
			);
			name = LaunchScreen.storyboard;
			sourceTree = "<group>";
		};
/* End PBXVariantGroup section */

/* Begin XCBuildConfiguration section */
		4949DC361FBCFA440062691C /* Debug */ = {
			isa = XCBuildConfiguration;
			buildSettings = {
				ALWAYS_SEARCH_USER_PATHS = NO;
				CLANG_ANALYZER_NONNULL = YES;
				CLANG_ANALYZER_NUMBER_OBJECT_CONVERSION = YES_AGGRESSIVE;
				CLANG_CXX_LANGUAGE_STANDARD = "gnu++14";
				CLANG_CXX_LIBRARY = "libc++";
				CLANG_ENABLE_MODULES = YES;
				CLANG_ENABLE_OBJC_ARC = YES;
				CLANG_WARN_BLOCK_CAPTURE_AUTORELEASING = YES;
				CLANG_WARN_BOOL_CONVERSION = YES;
				CLANG_WARN_COMMA = YES;
				CLANG_WARN_CONSTANT_CONVERSION = YES;
				CLANG_WARN_DIRECT_OBJC_ISA_USAGE = YES_ERROR;
				CLANG_WARN_DOCUMENTATION_COMMENTS = YES;
				CLANG_WARN_EMPTY_BODY = YES;
				CLANG_WARN_ENUM_CONVERSION = YES;
				CLANG_WARN_INFINITE_RECURSION = YES;
				CLANG_WARN_INT_CONVERSION = YES;
				CLANG_WARN_NON_LITERAL_NULL_CONVERSION = YES;
				CLANG_WARN_OBJC_LITERAL_CONVERSION = YES;
				CLANG_WARN_OBJC_ROOT_CLASS = YES_ERROR;
				CLANG_WARN_RANGE_LOOP_ANALYSIS = YES;
				CLANG_WARN_STRICT_PROTOTYPES = YES;
				CLANG_WARN_SUSPICIOUS_MOVE = YES;
				CLANG_WARN_UNGUARDED_AVAILABILITY = YES_AGGRESSIVE;
				CLANG_WARN_UNREACHABLE_CODE = YES;
				CLANG_WARN__DUPLICATE_METHOD_MATCH = YES;
				CODE_SIGN_IDENTITY = "iPhone Developer";
				COPY_PHASE_STRIP = NO;
				DEBUG_INFORMATION_FORMAT = dwarf;
				ENABLE_STRICT_OBJC_MSGSEND = YES;
				ENABLE_TESTABILITY = YES;
				GCC_C_LANGUAGE_STANDARD = gnu11;
				GCC_DYNAMIC_NO_PIC = NO;
				GCC_NO_COMMON_BLOCKS = YES;
				GCC_OPTIMIZATION_LEVEL = 0;
				GCC_PREPROCESSOR_DEFINITIONS = (
					"DEBUG=1",
					"$(inherited)",
				);
				GCC_WARN_64_TO_32_BIT_CONVERSION = YES;
				GCC_WARN_ABOUT_RETURN_TYPE = YES_ERROR;
				GCC_WARN_UNDECLARED_SELECTOR = YES;
				GCC_WARN_UNINITIALIZED_AUTOS = YES_AGGRESSIVE;
				GCC_WARN_UNUSED_FUNCTION = YES;
				GCC_WARN_UNUSED_VARIABLE = YES;
				IPHONEOS_DEPLOYMENT_TARGET = 11.1;
				MTL_ENABLE_DEBUG_INFO = YES;
				ONLY_ACTIVE_ARCH = YES;
				SDKROOT = iphoneos;
				SWIFT_ACTIVE_COMPILATION_CONDITIONS = DEBUG;
				SWIFT_OPTIMIZATION_LEVEL = "-Onone";
			};
			name = Debug;
		};
		4949DC371FBCFA440062691C /* Release */ = {
			isa = XCBuildConfiguration;
			buildSettings = {
				ALWAYS_SEARCH_USER_PATHS = NO;
				CLANG_ANALYZER_NONNULL = YES;
				CLANG_ANALYZER_NUMBER_OBJECT_CONVERSION = YES_AGGRESSIVE;
				CLANG_CXX_LANGUAGE_STANDARD = "gnu++14";
				CLANG_CXX_LIBRARY = "libc++";
				CLANG_ENABLE_MODULES = YES;
				CLANG_ENABLE_OBJC_ARC = YES;
				CLANG_WARN_BLOCK_CAPTURE_AUTORELEASING = YES;
				CLANG_WARN_BOOL_CONVERSION = YES;
				CLANG_WARN_COMMA = YES;
				CLANG_WARN_CONSTANT_CONVERSION = YES;
				CLANG_WARN_DIRECT_OBJC_ISA_USAGE = YES_ERROR;
				CLANG_WARN_DOCUMENTATION_COMMENTS = YES;
				CLANG_WARN_EMPTY_BODY = YES;
				CLANG_WARN_ENUM_CONVERSION = YES;
				CLANG_WARN_INFINITE_RECURSION = YES;
				CLANG_WARN_INT_CONVERSION = YES;
				CLANG_WARN_NON_LITERAL_NULL_CONVERSION = YES;
				CLANG_WARN_OBJC_LITERAL_CONVERSION = YES;
				CLANG_WARN_OBJC_ROOT_CLASS = YES_ERROR;
				CLANG_WARN_RANGE_LOOP_ANALYSIS = YES;
				CLANG_WARN_STRICT_PROTOTYPES = YES;
				CLANG_WARN_SUSPICIOUS_MOVE = YES;
				CLANG_WARN_UNGUARDED_AVAILABILITY = YES_AGGRESSIVE;
				CLANG_WARN_UNREACHABLE_CODE = YES;
				CLANG_WARN__DUPLICATE_METHOD_MATCH = YES;
				CODE_SIGN_IDENTITY = "iPhone Developer";
				COPY_PHASE_STRIP = NO;
				DEBUG_INFORMATION_FORMAT = "dwarf-with-dsym";
				ENABLE_NS_ASSERTIONS = NO;
				ENABLE_STRICT_OBJC_MSGSEND = YES;
				GCC_C_LANGUAGE_STANDARD = gnu11;
				GCC_NO_COMMON_BLOCKS = YES;
				GCC_WARN_64_TO_32_BIT_CONVERSION = YES;
				GCC_WARN_ABOUT_RETURN_TYPE = YES_ERROR;
				GCC_WARN_UNDECLARED_SELECTOR = YES;
				GCC_WARN_UNINITIALIZED_AUTOS = YES_AGGRESSIVE;
				GCC_WARN_UNUSED_FUNCTION = YES;
				GCC_WARN_UNUSED_VARIABLE = YES;
				IPHONEOS_DEPLOYMENT_TARGET = 11.1;
				MTL_ENABLE_DEBUG_INFO = NO;
				SDKROOT = iphoneos;
				SWIFT_OPTIMIZATION_LEVEL = "-Owholemodule";
				VALIDATE_PRODUCT = YES;
			};
			name = Release;
		};
		4949DC391FBCFA440062691C /* Debug */ = {
			isa = XCBuildConfiguration;
			baseConfigurationReference = 213248CB49223F7549B7B3B4 /* Pods-Whiteboard.debug.xcconfig */;
			buildSettings = {
				ASSETCATALOG_COMPILER_APPICON_NAME = AppIcon;
				CODE_SIGN_STYLE = Automatic;
				DEVELOPMENT_TEAM = T5E8L2XP69;
				INFOPLIST_FILE = Whiteboard/Info.plist;
				LD_RUNPATH_SEARCH_PATHS = "$(inherited) @executable_path/Frameworks";
				PRODUCT_BUNDLE_IDENTIFIER = land.ashp.Whiteboard;
				PRODUCT_NAME = "$(TARGET_NAME)";
				SWIFT_REFLECTION_METADATA_LEVEL = none;
				SWIFT_VERSION = 4.0;
				TARGETED_DEVICE_FAMILY = "1,2";
			};
			name = Debug;
		};
		4949DC3A1FBCFA440062691C /* Release */ = {
			isa = XCBuildConfiguration;
			baseConfigurationReference = 18ECECC2B50B7901BF2D7505 /* Pods-Whiteboard.release.xcconfig */;
			buildSettings = {
				ASSETCATALOG_COMPILER_APPICON_NAME = AppIcon;
				CODE_SIGN_STYLE = Automatic;
				DEVELOPMENT_TEAM = T5E8L2XP69;
				INFOPLIST_FILE = Whiteboard/Info.plist;
				LD_RUNPATH_SEARCH_PATHS = "$(inherited) @executable_path/Frameworks";
				PRODUCT_BUNDLE_IDENTIFIER = land.ashp.Whiteboard;
				PRODUCT_NAME = "$(TARGET_NAME)";
				SWIFT_REFLECTION_METADATA_LEVEL = none;
				SWIFT_VERSION = 4.0;
				TARGETED_DEVICE_FAMILY = "1,2";
			};
			name = Release;
		};
		4949DC3C1FBCFA440062691C /* Debug */ = {
			isa = XCBuildConfiguration;
			baseConfigurationReference = 1DA2CDD772086609A7B07201 /* Pods-WhiteboardTests.debug.xcconfig */;
			buildSettings = {
				ALWAYS_EMBED_SWIFT_STANDARD_LIBRARIES = YES;
				BUNDLE_LOADER = "$(TEST_HOST)";
				CODE_SIGN_STYLE = Automatic;
				DEVELOPMENT_TEAM = T5E8L2XP69;
				INFOPLIST_FILE = WhiteboardTests/Info.plist;
				LD_RUNPATH_SEARCH_PATHS = "$(inherited) @executable_path/Frameworks @loader_path/Frameworks";
				PRODUCT_BUNDLE_IDENTIFIER = land.ashp.WhiteboardTests;
				PRODUCT_NAME = "$(TARGET_NAME)";
				SWIFT_VERSION = 4.0;
				TARGETED_DEVICE_FAMILY = "1,2";
				TEST_HOST = "$(BUILT_PRODUCTS_DIR)/Whiteboard.app/Whiteboard";
			};
			name = Debug;
		};
		4949DC3D1FBCFA440062691C /* Release */ = {
			isa = XCBuildConfiguration;
			baseConfigurationReference = EAB871D93390FA32D1D1068B /* Pods-WhiteboardTests.release.xcconfig */;
			buildSettings = {
				ALWAYS_EMBED_SWIFT_STANDARD_LIBRARIES = YES;
				BUNDLE_LOADER = "$(TEST_HOST)";
				CODE_SIGN_STYLE = Automatic;
				DEVELOPMENT_TEAM = T5E8L2XP69;
				INFOPLIST_FILE = WhiteboardTests/Info.plist;
				LD_RUNPATH_SEARCH_PATHS = "$(inherited) @executable_path/Frameworks @loader_path/Frameworks";
				PRODUCT_BUNDLE_IDENTIFIER = land.ashp.WhiteboardTests;
				PRODUCT_NAME = "$(TARGET_NAME)";
				SWIFT_VERSION = 4.0;
				TARGETED_DEVICE_FAMILY = "1,2";
				TEST_HOST = "$(BUILT_PRODUCTS_DIR)/Whiteboard.app/Whiteboard";
			};
			name = Release;
		};
/* End XCBuildConfiguration section */

/* Begin XCConfigurationList section */
		4949DC161FBCFA430062691C /* Build configuration list for PBXProject "Whiteboard" */ = {
			isa = XCConfigurationList;
			buildConfigurations = (
				4949DC361FBCFA440062691C /* Debug */,
				4949DC371FBCFA440062691C /* Release */,
			);
			defaultConfigurationIsVisible = 0;
			defaultConfigurationName = Release;
		};
		4949DC381FBCFA440062691C /* Build configuration list for PBXNativeTarget "Whiteboard" */ = {
			isa = XCConfigurationList;
			buildConfigurations = (
				4949DC391FBCFA440062691C /* Debug */,
				4949DC3A1FBCFA440062691C /* Release */,
			);
			defaultConfigurationIsVisible = 0;
			defaultConfigurationName = Release;
		};
		4949DC3B1FBCFA440062691C /* Build configuration list for PBXNativeTarget "WhiteboardTests" */ = {
			isa = XCConfigurationList;
			buildConfigurations = (
				4949DC3C1FBCFA440062691C /* Debug */,
				4949DC3D1FBCFA440062691C /* Release */,
			);
			defaultConfigurationIsVisible = 0;
			defaultConfigurationName = Release;
		};
/* End XCConfigurationList section */
	};
	rootObject = 4949DC131FBCFA430062691C /* Project object */;
}
